
Microsoft Visual Studio Solution File, Format Version 12.00
# Visual Studio Version 17
VisualStudioVersion = 17.4.33122.133
MinimumVisualStudioVersion = 10.0.40219.1
Project("{9A19103F-16F7-4668-BE54-9A1E7A4F7556}") = "HundCom_Postagem", "HundCom_Postagem\HundCom_Postagem.csproj", "{0F2C3397-5962-4898-8741-879A16A888F3}"
EndProject
Project("{9A19103F-16F7-4668-BE54-9A1E7A4F7556}") = "HundComTeste_Usuarios", "HundComTeste_Usuarios\HundComTeste_Usuarios.csproj", "{87E65508-6DC5-4407-A63D-70BED2C00181}"
EndProject
Global
	GlobalSection(SolutionConfigurationPlatforms) = preSolution
		Debug|Any CPU = Debug|Any CPU
		Release|Any CPU = Release|Any CPU
	EndGlobalSection
	GlobalSection(ProjectConfigurationPlatforms) = postSolution
		{0F2C3397-5962-4898-8741-879A16A888F3}.Debug|Any CPU.ActiveCfg = Debug|Any CPU
		{0F2C3397-5962-4898-8741-879A16A888F3}.Debug|Any CPU.Build.0 = Debug|Any CPU
		{0F2C3397-5962-4898-8741-879A16A888F3}.Release|Any CPU.ActiveCfg = Release|Any CPU
		{0F2C3397-5962-4898-8741-879A16A888F3}.Release|Any CPU.Build.0 = Release|Any CPU
		{87E65508-6DC5-4407-A63D-70BED2C00181}.Debug|Any CPU.ActiveCfg = Debug|Any CPU
		{87E65508-6DC5-4407-A63D-70BED2C00181}.Debug|Any CPU.Build.0 = Debug|Any CPU
		{87E65508-6DC5-4407-A63D-70BED2C00181}.Release|Any CPU.ActiveCfg = Release|Any CPU
		{87E65508-6DC5-4407-A63D-70BED2C00181}.Release|Any CPU.Build.0 = Release|Any CPU
	EndGlobalSection
	GlobalSection(SolutionProperties) = preSolution
		HideSolutionNode = FALSE
	EndGlobalSection
	GlobalSection(ExtensibilityGlobals) = postSolution
		SolutionGuid = {8CEEA825-35E1-4CAF-9C7B-BD86ED1C0310}
	EndGlobalSection
EndGlobal
